PODS:
  - SQLite.swift (0.9.2)

DEPENDENCIES:
  - SQLite.swift (from `https://github.com/stephencelis/SQLite.swift.git`)

EXTERNAL SOURCES:
  SQLite.swift:
    :git: https://github.com/stephencelis/SQLite.swift.git

CHECKOUT OPTIONS:
  SQLite.swift:
    :commit: eca9eb26ed43a95dda9be4ad7c856922adec3d62
    :git: https://github.com/stephencelis/SQLite.swift.git

SPEC CHECKSUMS:
  SQLite.swift: 5dca22dbf6634fdb9c3270fae9491830804e9b2d

COCOAPODS: 0.39.0
